// !$*UTF8*$!
{
	archiveVersion = 1;
	classes = {
	};
	objectVersion = 56;
	objects = {

/* Begin PBXBuildFile section */
		656916432B0CBA86001CEAF9 /* Playback.mm in Sources */ = {isa = PBXBuildFile; fileRef = 656916422B0CBA86001CEAF9 /* Playback.mm */; };
		656916452B0CBA88001CEAF9 /* Playback.swift in Sources */ = {isa = PBXBuildFile; fileRef = 656916442B0CBA88001CEAF9 /* Playback.swift */; };
		656916472B0CBA8B001CEAF9 /* Player.swift in Sources */ = {isa = PBXBuildFile; fileRef = 656916462B0CBA8B001CEAF9 /* Player.swift */; };
		656916492B0CBA8D001CEAF9 /* PlayerObserver.swift in Sources */ = {isa = PBXBuildFile; fileRef = 656916482B0CBA8D001CEAF9 /* PlayerObserver.swift */; };
		6569164B2B0CBA92001CEAF9 /* VideoView.swift in Sources */ = {isa = PBXBuildFile; fileRef = 6569164A2B0CBA92001CEAF9 /* VideoView.swift */; };
		6569164D2B0CBA95001CEAF9 /* VideoViewController.swift in Sources */ = {isa = PBXBuildFile; fileRef = 6569164C2B0CBA95001CEAF9 /* VideoViewController.swift */; };
		6569164F2B0CBA98001CEAF9 /* VideoViewManager.mm in Sources */ = {isa = PBXBuildFile; fileRef = 6569164E2B0CBA98001CEAF9 /* VideoViewManager.mm */; };
		656916512B0CBAF7001CEAF9 /* react-native-playback-Bridging-Header.h in Sources */ = {isa = PBXBuildFile; fileRef = 656916502B0CBAA2001CEAF9 /* react-native-playback-Bridging-Header.h */; };
/* End PBXBuildFile section */

/* Begin PBXCopyFilesBuildPhase section */
		656916262B0CB818001CEAF9 /* CopyFiles */ = {
			isa = PBXCopyFilesBuildPhase;
			buildActionMask = 2147483647;
			dstPath = "include/$(PRODUCT_NAME)";
			dstSubfolderSpec = 16;
			files = (
			);
			runOnlyForDeploymentPostprocessing = 0;
		};
/* End PBXCopyFilesBuildPhase section */

/* Begin PBXFileReference section */
		656916282B0CB818001CEAF9 /* libreact-native-playback.a */ = {isa = PBXFileReference; explicitFileType = archive.ar; includeInIndex = 0; name = "libreact-native-playback.a"; path = "/Users/andrea/spicySparks/react-native-playback/ios/build/Debug-iphoneos/libreact-native-playback.a"; sourceTree = "<absolute>"; };
		656916422B0CBA86001CEAF9 /* Playback.mm */ = {isa = PBXFileReference; fileEncoding = 4; lastKnownFileType = sourcecode.cpp.objcpp; path = Playback.mm; sourceTree = "<group>"; };
		656916442B0CBA88001CEAF9 /* Playback.swift */ = {isa = PBXFileReference; fileEncoding = 4; lastKnownFileType = sourcecode.swift; path = Playback.swift; sourceTree = "<group>"; };
		656916462B0CBA8B001CEAF9 /* Player.swift */ = {isa = PBXFileReference; fileEncoding = 4; lastKnownFileType = sourcecode.swift; path = Player.swift; sourceTree = "<group>"; };
		656916482B0CBA8D001CEAF9 /* PlayerObserver.swift */ = {isa = PBXFileReference; fileEncoding = 4; lastKnownFileType = sourcecode.swift; path = PlayerObserver.swift; sourceTree = "<group>"; };
		6569164A2B0CBA92001CEAF9 /* VideoView.swift */ = {isa = PBXFileReference; fileEncoding = 4; lastKnownFileType = sourcecode.swift; path = VideoView.swift; sourceTree = "<group>"; };
		6569164C2B0CBA95001CEAF9 /* VideoViewController.swift */ = {isa = PBXFileReference; fileEncoding = 4; lastKnownFileType = sourcecode.swift; path = VideoViewController.swift; sourceTree = "<group>"; };
		6569164E2B0CBA98001CEAF9 /* VideoViewManager.mm */ = {isa = PBXFileReference; fileEncoding = 4; lastKnownFileType = sourcecode.cpp.objcpp; path = VideoViewManager.mm; sourceTree = "<group>"; };
		656916502B0CBAA2001CEAF9 /* react-native-playback-Bridging-Header.h */ = {isa = PBXFileReference; lastKnownFileType = sourcecode.c.h; path = "react-native-playback-Bridging-Header.h"; sourceTree = "<group>"; };
/* End PBXFileReference section */

/* Begin PBXFrameworksBuildPhase section */
		656916252B0CB818001CEAF9 /* Frameworks */ = {
			isa = PBXFrameworksBuildPhase;
			buildActionMask = 2147483647;
			files = (
			);
			runOnlyForDeploymentPostprocessing = 0;
		};
/* End PBXFrameworksBuildPhase section */

/* Begin PBXGroup section */
		6569161F2B0CB818001CEAF9 = {
			isa = PBXGroup;
			children = (
				656916422B0CBA86001CEAF9 /* Playback.mm */,
				656916442B0CBA88001CEAF9 /* Playback.swift */,
				656916462B0CBA8B001CEAF9 /* Player.swift */,
				656916482B0CBA8D001CEAF9 /* PlayerObserver.swift */,
				6569164A2B0CBA92001CEAF9 /* VideoView.swift */,
				6569164C2B0CBA95001CEAF9 /* VideoViewController.swift */,
				6569164E2B0CBA98001CEAF9 /* VideoViewManager.mm */,
				656916502B0CBAA2001CEAF9 /* react-native-playback-Bridging-Header.h */,
			);
			sourceTree = "<group>";
		};
/* End PBXGroup section */

/* Begin PBXNativeTarget section */
		656916272B0CB818001CEAF9 /* react-native-playback */ = {
			isa = PBXNativeTarget;
			buildConfigurationList = 6569162F2B0CB818001CEAF9 /* Build configuration list for PBXNativeTarget "react-native-playback" */;
			buildPhases = (
				656916242B0CB818001CEAF9 /* Sources */,
				656916252B0CB818001CEAF9 /* Frameworks */,
				656916262B0CB818001CEAF9 /* CopyFiles */,
			);
			buildRules = (
			);
			dependencies = (
			);
			name = "react-native-playback";
			productName = "react-native-playback";
			productReference = 656916282B0CB818001CEAF9 /* libreact-native-playback.a */;
			productType = "com.apple.product-type.library.static";
		};
/* End PBXNativeTarget section */

/* Begin PBXProject section */
		656916202B0CB818001CEAF9 /* Project object */ = {
			isa = PBXProject;
			attributes = {
				BuildIndependentTargetsInParallel = 1;
				LastSwiftUpdateCheck = 1500;
				LastUpgradeCheck = 1500;
				TargetAttributes = {
					656916272B0CB818001CEAF9 = {
						CreatedOnToolsVersion = 15.0.1;
						LastSwiftMigration = 1500;
					};
				};
			};
			buildConfigurationList = 656916232B0CB818001CEAF9 /* Build configuration list for PBXProject "react-native-playback" */;
			compatibilityVersion = "Xcode 14.0";
			developmentRegion = en;
			hasScannedForEncodings = 0;
			knownRegions = (
				en,
				Base,
			);
			mainGroup = 6569161F2B0CB818001CEAF9;
			productRefGroup = 6569161F2B0CB818001CEAF9;
			projectDirPath = "";
			projectRoot = "";
			targets = (
				656916272B0CB818001CEAF9 /* react-native-playback */,
			);
		};
/* End PBXProject section */

/* Begin PBXSourcesBuildPhase section */
		656916242B0CB818001CEAF9 /* Sources */ = {
			isa = PBXSourcesBuildPhase;
			buildActionMask = 2147483647;
			files = (
				656916512B0CBAF7001CEAF9 /* react-native-playback-Bridging-Header.h in Sources */,
				656916492B0CBA8D001CEAF9 /* PlayerObserver.swift in Sources */,
				6569164B2B0CBA92001CEAF9 /* VideoView.swift in Sources */,
				6569164D2B0CBA95001CEAF9 /* VideoViewController.swift in Sources */,
				6569164F2B0CBA98001CEAF9 /* VideoViewManager.mm in Sources */,
				656916452B0CBA88001CEAF9 /* Playback.swift in Sources */,
				656916472B0CBA8B001CEAF9 /* Player.swift in Sources */,
				656916432B0CBA86001CEAF9 /* Playback.mm in Sources */,
			);
			runOnlyForDeploymentPostprocessing = 0;
		};
/* End PBXSourcesBuildPhase section */

/* Begin XCBuildConfiguration section */
		6569162D2B0CB818001CEAF9 /* Debug */ = {
			isa = XCBuildConfiguration;
			buildSettings = {
				ALWAYS_SEARCH_USER_PATHS = NO;
				ASSETCATALOG_COMPILER_GENERATE_SWIFT_ASSET_SYMBOL_EXTENSIONS = YES;
				CLANG_ANALYZER_NONNULL = YES;
				CLANG_ANALYZER_NUMBER_OBJECT_CONVERSION = YES_AGGRESSIVE;
				CLANG_CXX_LANGUAGE_STANDARD = "gnu++20";
				CLANG_ENABLE_MODULES = YES;
				CLANG_ENABLE_OBJC_ARC = YES;
				CLANG_ENABLE_OBJC_WEAK = YES;
				CLANG_WARN_BLOCK_CAPTURE_AUTORELEASING = YES;
				CLANG_WARN_BOOL_CONVERSION = YES;
				CLANG_WARN_COMMA = YES;
				CLANG_WARN_CONSTANT_CONVERSION = YES;
				CLANG_WARN_DEPRECATED_OBJC_IMPLEMENTATIONS = YES;
				CLANG_WARN_DIRECT_OBJC_ISA_USAGE = YES_ERROR;
				CLANG_WARN_DOCUMENTATION_COMMENTS = YES;
				CLANG_WARN_EMPTY_BODY = YES;
				CLANG_WARN_ENUM_CONVERSION = YES;
				CLANG_WARN_INFINITE_RECURSION = YES;
				CLANG_WARN_INT_CONVERSION = YES;
				CLANG_WARN_NON_LITERAL_NULL_CONVERSION = YES;
				CLANG_WARN_OBJC_IMPLICIT_RETAIN_SELF = YES;
				CLANG_WARN_OBJC_LITERAL_CONVERSION = YES;
				CLANG_WARN_OBJC_ROOT_CLASS = YES_ERROR;
				CLANG_WARN_QUOTED_INCLUDE_IN_FRAMEWORK_HEADER = YES;
				CLANG_WARN_RANGE_LOOP_ANALYSIS = YES;
				CLANG_WARN_STRICT_PROTOTYPES = YES;
				CLANG_WARN_SUSPICIOUS_MOVE = YES;
				CLANG_WARN_UNGUARDED_AVAILABILITY = YES_AGGRESSIVE;
				CLANG_WARN_UNREACHABLE_CODE = YES;
				CLANG_WARN__DUPLICATE_METHOD_MATCH = YES;
				COPY_PHASE_STRIP = NO;
				DEBUG_INFORMATION_FORMAT = dwarf;
				ENABLE_STRICT_OBJC_MSGSEND = YES;
				ENABLE_TESTABILITY = YES;
				ENABLE_USER_SCRIPT_SANDBOXING = YES;
				GCC_C_LANGUAGE_STANDARD = gnu17;
				GCC_DYNAMIC_NO_PIC = NO;
				GCC_NO_COMMON_BLOCKS = YES;
				GCC_OPTIMIZATION_LEVEL = 0;
				GCC_PREPROCESSOR_DEFINITIONS = (
					"DEBUG=1",
					"$(inherited)",
				);
				GCC_WARN_64_TO_32_BIT_CONVERSION = YES;
				GCC_WARN_ABOUT_RETURN_TYPE = YES_ERROR;
				GCC_WARN_UNDECLARED_SELECTOR = YES;
				GCC_WARN_UNINITIALIZED_AUTOS = YES_AGGRESSIVE;
				GCC_WARN_UNUSED_FUNCTION = YES;
				GCC_WARN_UNUSED_VARIABLE = YES;
				IPHONEOS_DEPLOYMENT_TARGET = 17.0;
				LOCALIZATION_PREFERS_STRING_CATALOGS = YES;
				MTL_ENABLE_DEBUG_INFO = INCLUDE_SOURCE;
				MTL_FAST_MATH = YES;
				ONLY_ACTIVE_ARCH = YES;
				SDKROOT = iphoneos;
				SWIFT_ACTIVE_COMPILATION_CONDITIONS = "DEBUG $(inherited)";
				SWIFT_OPTIMIZATION_LEVEL = "-Onone";
			};
			name = Debug;
		};
		6569162E2B0CB818001CEAF9 /* Release */ = {
			isa = XCBuildConfiguration;
			buildSettings = {
				ALWAYS_SEARCH_USER_PATHS = NO;
				ASSETCATALOG_COMPILER_GENERATE_SWIFT_ASSET_SYMBOL_EXTENSIONS = YES;
				CLANG_ANALYZER_NONNULL = YES;
				CLANG_ANALYZER_NUMBER_OBJECT_CONVERSION = YES_AGGRESSIVE;
				CLANG_CXX_LANGUAGE_STANDARD = "gnu++20";
				CLANG_ENABLE_MODULES = YES;
				CLANG_ENABLE_OBJC_ARC = YES;
				CLANG_ENABLE_OBJC_WEAK = YES;
				CLANG_WARN_BLOCK_CAPTURE_AUTORELEASING = YES;
				CLANG_WARN_BOOL_CONVERSION = YES;
				CLANG_WARN_COMMA = YES;
				CLANG_WARN_CONSTANT_CONVERSION = YES;
				CLANG_WARN_DEPRECATED_OBJC_IMPLEMENTATIONS = YES;
				CLANG_WARN_DIRECT_OBJC_ISA_USAGE = YES_ERROR;
				CLANG_WARN_DOCUMENTATION_COMMENTS = YES;
				CLANG_WARN_EMPTY_BODY = YES;
				CLANG_WARN_ENUM_CONVERSION = YES;
				CLANG_WARN_INFINITE_RECURSION = YES;
				CLANG_WARN_INT_CONVERSION = YES;
				CLANG_WARN_NON_LITERAL_NULL_CONVERSION = YES;
				CLANG_WARN_OBJC_IMPLICIT_RETAIN_SELF = YES;
				CLANG_WARN_OBJC_LITERAL_CONVERSION = YES;
				CLANG_WARN_OBJC_ROOT_CLASS = YES_ERROR;
				CLANG_WARN_QUOTED_INCLUDE_IN_FRAMEWORK_HEADER = YES;
				CLANG_WARN_RANGE_LOOP_ANALYSIS = YES;
				CLANG_WARN_STRICT_PROTOTYPES = YES;
				CLANG_WARN_SUSPICIOUS_MOVE = YES;
				CLANG_WARN_UNGUARDED_AVAILABILITY = YES_AGGRESSIVE;
				CLANG_WARN_UNREACHABLE_CODE = YES;
				CLANG_WARN__DUPLICATE_METHOD_MATCH = YES;
				COPY_PHASE_STRIP = NO;
				DEBUG_INFORMATION_FORMAT = "dwarf-with-dsym";
				ENABLE_NS_ASSERTIONS = NO;
				ENABLE_STRICT_OBJC_MSGSEND = YES;
				ENABLE_USER_SCRIPT_SANDBOXING = YES;
				GCC_C_LANGUAGE_STANDARD = gnu17;
				GCC_NO_COMMON_BLOCKS = YES;
				GCC_WARN_64_TO_32_BIT_CONVERSION = YES;
				GCC_WARN_ABOUT_RETURN_TYPE = YES_ERROR;
				GCC_WARN_UNDECLARED_SELECTOR = YES;
				GCC_WARN_UNINITIALIZED_AUTOS = YES_AGGRESSIVE;
				GCC_WARN_UNUSED_FUNCTION = YES;
				GCC_WARN_UNUSED_VARIABLE = YES;
				IPHONEOS_DEPLOYMENT_TARGET = 17.0;
				LOCALIZATION_PREFERS_STRING_CATALOGS = YES;
				MTL_ENABLE_DEBUG_INFO = NO;
				MTL_FAST_MATH = YES;
				SDKROOT = iphoneos;
				SWIFT_COMPILATION_MODE = wholemodule;
				VALIDATE_PRODUCT = YES;
			};
			name = Release;
		};
		656916302B0CB818001CEAF9 /* Debug */ = {
			isa = XCBuildConfiguration;
			buildSettings = {
				CLANG_ENABLE_MODULES = YES;
				CODE_SIGN_STYLE = Automatic;
				DEVELOPMENT_TEAM = DNM2CFPF32;
				OTHER_LDFLAGS = "-ObjC";
				PRODUCT_NAME = "$(TARGET_NAME)";
				SKIP_INSTALL = YES;
				SWIFT_OBJC_BRIDGING_HEADER = "react-native-playback-Bridging-Header.h";
				SWIFT_OPTIMIZATION_LEVEL = "-Onone";
				SWIFT_VERSION = 5.0;
				TARGETED_DEVICE_FAMILY = "1,2";
			};
			name = Debug;
		};
		656916312B0CB818001CEAF9 /* Release */ = {
			isa = XCBuildConfiguration;
			buildSettings = {
				CLANG_ENABLE_MODULES = YES;
				CODE_SIGN_STYLE = Automatic;
				DEVELOPMENT_TEAM = DNM2CFPF32;
				OTHER_LDFLAGS = "-ObjC";
				PRODUCT_NAME = "$(TARGET_NAME)";
				SKIP_INSTALL = YES;
				SWIFT_OBJC_BRIDGING_HEADER = "react-native-playback-Bridging-Header.h";
				SWIFT_VERSION = 5.0;
				TARGETED_DEVICE_FAMILY = "1,2";
			};
			name = Release;
		};
/* End XCBuildConfiguration section */

/* Begin XCConfigurationList section */
		656916232B0CB818001CEAF9 /* Build configuration list for PBXProject "react-native-playback" */ = {
			isa = XCConfigurationList;
			buildConfigurations = (
				6569162D2B0CB818001CEAF9 /* Debug */,
				6569162E2B0CB818001CEAF9 /* Release */,
			);
			defaultConfigurationIsVisible = 0;
			defaultConfigurationName = Release;
		};
		6569162F2B0CB818001CEAF9 /* Build configuration list for PBXNativeTarget "react-native-playback" */ = {
			isa = XCConfigurationList;
			buildConfigurations = (
				656916302B0CB818001CEAF9 /* Debug */,
				656916312B0CB818001CEAF9 /* Release */,
			);
			defaultConfigurationIsVisible = 0;
			defaultConfigurationName = Release;
		};
/* End XCConfigurationList section */
	};
	rootObject = 656916202B0CB818001CEAF9 /* Project object */;
}
